
Microsoft Visual Studio Solution File, Format Version 12.00
# Visual Studio Version 17
VisualStudioVersion = 17.8.34316.72
MinimumVisualStudioVersion = 10.0.40219.1
Project("{FAE04EC0-301F-11D3-BF4B-00C04F79EFBC}") = "SeedProject", "SeedProject\SeedProject.csproj", "{5A8D56F6-E0B7-4255-B6AA-D4ED4AE67E9C}"
EndProject
Global
	GlobalSection(SolutionConfigurationPlatforms) = preSolution
		Debug|Any CPU = Debug|Any CPU
		Release|Any CPU = Release|Any CPU
	EndGlobalSection
	GlobalSection(ProjectConfigurationPlatforms) = postSolution
		{5A8D56F6-E0B7-4255-B6AA-D4ED4AE67E9C}.Debug|Any CPU.ActiveCfg = Debug|Any CPU
		{5A8D56F6-E0B7-4255-B6AA-D4ED4AE67E9C}.Debug|Any CPU.Build.0 = Debug|Any CPU
		{5A8D56F6-E0B7-4255-B6AA-D4ED4AE67E9C}.Release|Any CPU.ActiveCfg = Release|Any CPU
		{5A8D56F6-E0B7-4255-B6AA-D4ED4AE67E9C}.Release|Any CPU.Build.0 = Release|Any CPU
	EndGlobalSection
	GlobalSection(SolutionProperties) = preSolution
		HideSolutionNode = FALSE
	EndGlobalSection
	GlobalSection(ExtensibilityGlobals) = postSolution
		SolutionGuid = {D4CB98CA-67D8-45CC-B461-22012F112AAC}
	EndGlobalSection
EndGlobal
